
Microsoft Visual Studio Solution File, Format Version 12.00
# Visual Studio 14
VisualStudioVersion = 14.0.24720.0
MinimumVisualStudioVersion = 10.0.40219.1
Project("{FAE04EC0-301F-11D3-BF4B-00C04F79EFBC}") = "DICOMcloud.Core", "DICOMcloud.Core\DICOMcloud.Core.csproj", "{5627B6EF-610C-40C9-BDB2-6F4D77FCB23C}"
EndProject
Project("{FAE04EC0-301F-11D3-BF4B-00C04F79EFBC}") = "DICOMcloud.Core.Azure", "DICOMcloud.Core.Azure\DICOMcloud.Core.Azure.csproj", "{85C81265-CA86-4C3D-93B9-7AC54FCD20AF}"
EndProject
Project("{FAE04EC0-301F-11D3-BF4B-00C04F79EFBC}") = "DICOMcloud.Dicom", "DICOMcloud.Dicom\DICOMcloud.Dicom.csproj", "{65ED8720-92CA-400F-B967-343E3E13DF8B}"
EndProject
Project("{FAE04EC0-301F-11D3-BF4B-00C04F79EFBC}") = "DICOMcloud.Pacs", "DICOMcloud.Pacs\DICOMcloud.Pacs.csproj", "{CF60BCFB-2AF3-400D-880D-2251D01AEC50}"
EndProject
Project("{FAE04EC0-301F-11D3-BF4B-00C04F79EFBC}") = "DICOMcloud.Wado.Models", "DICOMcloud.Wado.Models\DICOMcloud.Wado.Models.csproj", "{EF4DFA7C-5361-4140-AC58-50DFD70F5159}"
EndProject
Project("{FAE04EC0-301F-11D3-BF4B-00C04F79EFBC}") = "DICOMcloud.Wado.Core", "DICOMcloud.Wado.Core\DICOMcloud.Wado.Core.csproj", "{55007666-7177-49CB-8577-80A013046A28}"
EndProject
Project("{FAE04EC0-301F-11D3-BF4B-00C04F79EFBC}") = "DICOMcloud.Wado.WebApi", "DICOMcloud.Wado\DICOMcloud.Wado.WebApi.csproj", "{9DE7CFEE-C741-4722-B3DE-9BEE3DDD82DC}"
EndProject
Project("{FAE04EC0-301F-11D3-BF4B-00C04F79EFBC}") = "DICOMcloud.Dicom.DataAccess", "DICOMcloud.Dicom.DataAccess\DICOMcloud.Dicom.DataAccess.csproj", "{1B7C024B-F1B9-4B41-B6F9-FB26F7135EF0}"
EndProject
Global
	GlobalSection(SolutionConfigurationPlatforms) = preSolution
		Debug|Any CPU = Debug|Any CPU
		Debug|x64 = Debug|x64
		Debug|x86 = Debug|x86
		Release|Any CPU = Release|Any CPU
		Release|x64 = Release|x64
		Release|x86 = Release|x86
	EndGlobalSection
	GlobalSection(ProjectConfigurationPlatforms) = postSolution
		{5627B6EF-610C-40C9-BDB2-6F4D77FCB23C}.Debug|Any CPU.ActiveCfg = Debug|Any CPU
		{5627B6EF-610C-40C9-BDB2-6F4D77FCB23C}.Debug|Any CPU.Build.0 = Debug|Any CPU
		{5627B6EF-610C-40C9-BDB2-6F4D77FCB23C}.Debug|x64.ActiveCfg = Debug|Any CPU
		{5627B6EF-610C-40C9-BDB2-6F4D77FCB23C}.Debug|x64.Build.0 = Debug|Any CPU
		{5627B6EF-610C-40C9-BDB2-6F4D77FCB23C}.Debug|x86.ActiveCfg = Debug|Any CPU
		{5627B6EF-610C-40C9-BDB2-6F4D77FCB23C}.Debug|x86.Build.0 = Debug|Any CPU
		{5627B6EF-610C-40C9-BDB2-6F4D77FCB23C}.Release|Any CPU.ActiveCfg = Release|Any CPU
		{5627B6EF-610C-40C9-BDB2-6F4D77FCB23C}.Release|Any CPU.Build.0 = Release|Any CPU
		{5627B6EF-610C-40C9-BDB2-6F4D77FCB23C}.Release|x64.ActiveCfg = Release|Any CPU
		{5627B6EF-610C-40C9-BDB2-6F4D77FCB23C}.Release|x64.Build.0 = Release|Any CPU
		{5627B6EF-610C-40C9-BDB2-6F4D77FCB23C}.Release|x86.ActiveCfg = Release|Any CPU
		{5627B6EF-610C-40C9-BDB2-6F4D77FCB23C}.Release|x86.Build.0 = Release|Any CPU
		{85C81265-CA86-4C3D-93B9-7AC54FCD20AF}.Debug|Any CPU.ActiveCfg = Debug|Any CPU
		{85C81265-CA86-4C3D-93B9-7AC54FCD20AF}.Debug|Any CPU.Build.0 = Debug|Any CPU
		{85C81265-CA86-4C3D-93B9-7AC54FCD20AF}.Debug|x64.ActiveCfg = Debug|Any CPU
		{85C81265-CA86-4C3D-93B9-7AC54FCD20AF}.Debug|x64.Build.0 = Debug|Any CPU
		{85C81265-CA86-4C3D-93B9-7AC54FCD20AF}.Debug|x86.ActiveCfg = Debug|Any CPU
		{85C81265-CA86-4C3D-93B9-7AC54FCD20AF}.Debug|x86.Build.0 = Debug|Any CPU
		{85C81265-CA86-4C3D-93B9-7AC54FCD20AF}.Release|Any CPU.ActiveCfg = Release|Any CPU
		{85C81265-CA86-4C3D-93B9-7AC54FCD20AF}.Release|Any CPU.Build.0 = Release|Any CPU
		{85C81265-CA86-4C3D-93B9-7AC54FCD20AF}.Release|x64.ActiveCfg = Release|Any CPU
		{85C81265-CA86-4C3D-93B9-7AC54FCD20AF}.Release|x64.Build.0 = Release|Any CPU
		{85C81265-CA86-4C3D-93B9-7AC54FCD20AF}.Release|x86.ActiveCfg = Release|Any CPU
		{85C81265-CA86-4C3D-93B9-7AC54FCD20AF}.Release|x86.Build.0 = Release|Any CPU
		{65ED8720-92CA-400F-B967-343E3E13DF8B}.Debug|Any CPU.ActiveCfg = Debug|Any CPU
		{65ED8720-92CA-400F-B967-343E3E13DF8B}.Debug|Any CPU.Build.0 = Debug|Any CPU
		{65ED8720-92CA-400F-B967-343E3E13DF8B}.Debug|x64.ActiveCfg = Debug|Any CPU
		{65ED8720-92CA-400F-B967-343E3E13DF8B}.Debug|x64.Build.0 = Debug|Any CPU
		{65ED8720-92CA-400F-B967-343E3E13DF8B}.Debug|x86.ActiveCfg = Debug|Any CPU
		{65ED8720-92CA-400F-B967-343E3E13DF8B}.Debug|x86.Build.0 = Debug|Any CPU
		{65ED8720-92CA-400F-B967-343E3E13DF8B}.Release|Any CPU.ActiveCfg = Release|Any CPU
		{65ED8720-92CA-400F-B967-343E3E13DF8B}.Release|Any CPU.Build.0 = Release|Any CPU
		{65ED8720-92CA-400F-B967-343E3E13DF8B}.Release|x64.ActiveCfg = Release|Any CPU
		{65ED8720-92CA-400F-B967-343E3E13DF8B}.Release|x64.Build.0 = Release|Any CPU
		{65ED8720-92CA-400F-B967-343E3E13DF8B}.Release|x86.ActiveCfg = Release|Any CPU
		{65ED8720-92CA-400F-B967-343E3E13DF8B}.Release|x86.Build.0 = Release|Any CPU
		{CF60BCFB-2AF3-400D-880D-2251D01AEC50}.Debug|Any CPU.ActiveCfg = Debug|Any CPU
		{CF60BCFB-2AF3-400D-880D-2251D01AEC50}.Debug|Any CPU.Build.0 = Debug|Any CPU
		{CF60BCFB-2AF3-400D-880D-2251D01AEC50}.Debug|x64.ActiveCfg = Debug|Any CPU
		{CF60BCFB-2AF3-400D-880D-2251D01AEC50}.Debug|x64.Build.0 = Debug|Any CPU
		{CF60BCFB-2AF3-400D-880D-2251D01AEC50}.Debug|x86.ActiveCfg = Debug|Any CPU
		{CF60BCFB-2AF3-400D-880D-2251D01AEC50}.Debug|x86.Build.0 = Debug|Any CPU
		{CF60BCFB-2AF3-400D-880D-2251D01AEC50}.Release|Any CPU.ActiveCfg = Release|Any CPU
		{CF60BCFB-2AF3-400D-880D-2251D01AEC50}.Release|Any CPU.Build.0 = Release|Any CPU
		{CF60BCFB-2AF3-400D-880D-2251D01AEC50}.Release|x64.ActiveCfg = Release|Any CPU
		{CF60BCFB-2AF3-400D-880D-2251D01AEC50}.Release|x64.Build.0 = Release|Any CPU
		{CF60BCFB-2AF3-400D-880D-2251D01AEC50}.Release|x86.ActiveCfg = Release|Any CPU
		{CF60BCFB-2AF3-400D-880D-2251D01AEC50}.Release|x86.Build.0 = Release|Any CPU
		{EF4DFA7C-5361-4140-AC58-50DFD70F5159}.Debug|Any CPU.ActiveCfg = Debug|Any CPU
		{EF4DFA7C-5361-4140-AC58-50DFD70F5159}.Debug|Any CPU.Build.0 = Debug|Any CPU
		{EF4DFA7C-5361-4140-AC58-50DFD70F5159}.Debug|x64.ActiveCfg = Debug|Any CPU
		{EF4DFA7C-5361-4140-AC58-50DFD70F5159}.Debug|x64.Build.0 = Debug|Any CPU
		{EF4DFA7C-5361-4140-AC58-50DFD70F5159}.Debug|x86.ActiveCfg = Debug|Any CPU
		{EF4DFA7C-5361-4140-AC58-50DFD70F5159}.Debug|x86.Build.0 = Debug|Any CPU
		{EF4DFA7C-5361-4140-AC58-50DFD70F5159}.Release|Any CPU.ActiveCfg = Release|Any CPU
		{EF4DFA7C-5361-4140-AC58-50DFD70F5159}.Release|Any CPU.Build.0 = Release|Any CPU
		{EF4DFA7C-5361-4140-AC58-50DFD70F5159}.Release|x64.ActiveCfg = Release|Any CPU
		{EF4DFA7C-5361-4140-AC58-50DFD70F5159}.Release|x64.Build.0 = Release|Any CPU
		{EF4DFA7C-5361-4140-AC58-50DFD70F5159}.Release|x86.ActiveCfg = Release|Any CPU
		{EF4DFA7C-5361-4140-AC58-50DFD70F5159}.Release|x86.Build.0 = Release|Any CPU
		{55007666-7177-49CB-8577-80A013046A28}.Debug|Any CPU.ActiveCfg = Debug|Any CPU
		{55007666-7177-49CB-8577-80A013046A28}.Debug|Any CPU.Build.0 = Debug|Any CPU
		{55007666-7177-49CB-8577-80A013046A28}.Debug|x64.ActiveCfg = Debug|Any CPU
		{55007666-7177-49CB-8577-80A013046A28}.Debug|x64.Build.0 = Debug|Any CPU
		{55007666-7177-49CB-8577-80A013046A28}.Debug|x86.ActiveCfg = Debug|Any CPU
		{55007666-7177-49CB-8577-80A013046A28}.Debug|x86.Build.0 = Debug|Any CPU
		{55007666-7177-49CB-8577-80A013046A28}.Release|Any CPU.ActiveCfg = Release|Any CPU
		{55007666-7177-49CB-8577-80A013046A28}.Release|Any CPU.Build.0 = Release|Any CPU
		{55007666-7177-49CB-8577-80A013046A28}.Release|x64.ActiveCfg = Release|Any CPU
		{55007666-7177-49CB-8577-80A013046A28}.Release|x64.Build.0 = Release|Any CPU
		{55007666-7177-49CB-8577-80A013046A28}.Release|x86.ActiveCfg = Release|Any CPU
		{55007666-7177-49CB-8577-80A013046A28}.Release|x86.Build.0 = Release|Any CPU
		{9DE7CFEE-C741-4722-B3DE-9BEE3DDD82DC}.Debug|Any CPU.ActiveCfg = Debug|Any CPU
		{9DE7CFEE-C741-4722-B3DE-9BEE3DDD82DC}.Debug|Any CPU.Build.0 = Debug|Any CPU
		{9DE7CFEE-C741-4722-B3DE-9BEE3DDD82DC}.Debug|x64.ActiveCfg = Debug|x64
		{9DE7CFEE-C741-4722-B3DE-9BEE3DDD82DC}.Debug|x64.Build.0 = Debug|x64
		{9DE7CFEE-C741-4722-B3DE-9BEE3DDD82DC}.Debug|x86.ActiveCfg = Debug|x86
		{9DE7CFEE-C741-4722-B3DE-9BEE3DDD82DC}.Debug|x86.Build.0 = Debug|x86
		{9DE7CFEE-C741-4722-B3DE-9BEE3DDD82DC}.Release|Any CPU.ActiveCfg = Release|Any CPU
		{9DE7CFEE-C741-4722-B3DE-9BEE3DDD82DC}.Release|Any CPU.Build.0 = Release|Any CPU
		{9DE7CFEE-C741-4722-B3DE-9BEE3DDD82DC}.Release|x64.ActiveCfg = Release|x64
		{9DE7CFEE-C741-4722-B3DE-9BEE3DDD82DC}.Release|x64.Build.0 = Release|x64
		{9DE7CFEE-C741-4722-B3DE-9BEE3DDD82DC}.Release|x86.ActiveCfg = Release|x86
		{9DE7CFEE-C741-4722-B3DE-9BEE3DDD82DC}.Release|x86.Build.0 = Release|x86
		{1B7C024B-F1B9-4B41-B6F9-FB26F7135EF0}.Debug|Any CPU.ActiveCfg = Debug|Any CPU
		{1B7C024B-F1B9-4B41-B6F9-FB26F7135EF0}.Debug|Any CPU.Build.0 = Debug|Any CPU
		{1B7C024B-F1B9-4B41-B6F9-FB26F7135EF0}.Debug|x64.ActiveCfg = Debug|Any CPU
		{1B7C024B-F1B9-4B41-B6F9-FB26F7135EF0}.Debug|x64.Build.0 = Debug|Any CPU
		{1B7C024B-F1B9-4B41-B6F9-FB26F7135EF0}.Debug|x86.ActiveCfg = Debug|Any CPU
		{1B7C024B-F1B9-4B41-B6F9-FB26F7135EF0}.Debug|x86.Build.0 = Debug|Any CPU
		{1B7C024B-F1B9-4B41-B6F9-FB26F7135EF0}.Release|Any CPU.ActiveCfg = Release|Any CPU
		{1B7C024B-F1B9-4B41-B6F9-FB26F7135EF0}.Release|Any CPU.Build.0 = Release|Any CPU
		{1B7C024B-F1B9-4B41-B6F9-FB26F7135EF0}.Release|x64.ActiveCfg = Release|Any CPU
		{1B7C024B-F1B9-4B41-B6F9-FB26F7135EF0}.Release|x64.Build.0 = Release|Any CPU
		{1B7C024B-F1B9-4B41-B6F9-FB26F7135EF0}.Release|x86.ActiveCfg = Release|Any CPU
		{1B7C024B-F1B9-4B41-B6F9-FB26F7135EF0}.Release|x86.Build.0 = Release|Any CPU
	EndGlobalSection
	GlobalSection(SolutionProperties) = preSolution
		HideSolutionNode = FALSE
	EndGlobalSection
EndGlobal
